
Microsoft Visual Studio Solution File, Format Version 12.00
# Visual Studio Version 17
VisualStudioVersion = 17.3.32825.248
MinimumVisualStudioVersion = 10.0.40219.1
Project("{FAE04EC0-301F-11D3-BF4B-00C04F79EFBC}") = "DeliveryNetworkAPI", "DeliveryNetworkAPI\DeliveryNetworkAPI.csproj", "{194DD537-11EC-4649-841F-AE13BE75F492}"
EndProject
Global
	GlobalSection(SolutionConfigurationPlatforms) = preSolution
		Debug|Any CPU = Debug|Any CPU
		Release|Any CPU = Release|Any CPU
	EndGlobalSection
	GlobalSection(ProjectConfigurationPlatforms) = postSolution
		{194DD537-11EC-4649-841F-AE13BE75F492}.Debug|Any CPU.ActiveCfg = Debug|Any CPU
		{194DD537-11EC-4649-841F-AE13BE75F492}.Debug|Any CPU.Build.0 = Debug|Any CPU
		{194DD537-11EC-4649-841F-AE13BE75F492}.Release|Any CPU.ActiveCfg = Release|Any CPU
		{194DD537-11EC-4649-841F-AE13BE75F492}.Release|Any CPU.Build.0 = Release|Any CPU
	EndGlobalSection
	GlobalSection(SolutionProperties) = preSolution
		HideSolutionNode = FALSE
	EndGlobalSection
	GlobalSection(ExtensibilityGlobals) = postSolution
		SolutionGuid = {A44EC43A-03FB-4025-AFE3-4ED44807A9A6}
	EndGlobalSection
EndGlobal
